
Microsoft Visual Studio Solution File, Format Version 12.00
# Visual Studio 15
VisualStudioVersion = 15.0.28010.2026
MinimumVisualStudioVersion = 10.0.40219.1
Project("{FAE04EC0-301F-11D3-BF4B-00C04F79EFBC}") = "Trash_Collector", "Trash_Collector\Trash_Collector.csproj", "{288A2DBF-2D0D-4F4C-9B30-EC992906020B}"
EndProject
Global
	GlobalSection(SolutionConfigurationPlatforms) = preSolution
		Debug|Any CPU = Debug|Any CPU
		Release|Any CPU = Release|Any CPU
	EndGlobalSection
	GlobalSection(ProjectConfigurationPlatforms) = postSolution
		{288A2DBF-2D0D-4F4C-9B30-EC992906020B}.Debug|Any CPU.ActiveCfg = Debug|Any CPU
		{288A2DBF-2D0D-4F4C-9B30-EC992906020B}.Debug|Any CPU.Build.0 = Debug|Any CPU
		{288A2DBF-2D0D-4F4C-9B30-EC992906020B}.Release|Any CPU.ActiveCfg = Release|Any CPU
		{288A2DBF-2D0D-4F4C-9B30-EC992906020B}.Release|Any CPU.Build.0 = Release|Any CPU
	EndGlobalSection
	GlobalSection(SolutionProperties) = preSolution
		HideSolutionNode = FALSE
	EndGlobalSection
	GlobalSection(ExtensibilityGlobals) = postSolution
		SolutionGuid = {706859BA-8CE5-4EB2-BE11-8CCB1AF32FD9}
	EndGlobalSection
EndGlobal
